{
  "nodes": {
    "nixpkgs": {
      "locked": {
        "lastModified": 1632728069,
        "narHash": "sha256-p1J1K7vM/ELIb5M7gP74aqnvlrm8AjQR+z+Bc6W32E8=",
        "owner": "NixOS",
        "repo": "nixpkgs",
        "rev": "92357f5e0b89f314c0edab52f04d9d9610b98155",
        "type": "github"
      },
      "original": {
        "id": "nixpkgs",
        "type": "indirect"
      }
    },
    "root": {
      "inputs": {
        "nixpkgs": "nixpkgs",
        "utils": "utils"
      }
    },
    "utils": {
      "locked": {
        "lastModified": 1631561581,
        "narHash": "sha256-3VQMV5zvxaVLvqqUrNz3iJelLw30mIVSfZmAaauM3dA=",
        "owner": "numtide",
        "repo": "flake-utils",
        "rev": "7e5bf3925f6fbdfaf50a2a7ca0be2879c4261d19",
        "type": "github"
      },
      "original": {
        "owner": "numtide",
        "repo": "flake-utils",
        "type": "github"
      }
    }
  },
  "root": "root",
  "version": 7
}
