{
  "nodes": {
    "nixpkgs": {
      "locked": {
        "lastModified": 1632065481,
        "narHash": "sha256-JDOPnbOXUjDBsC8euh/Hqiny1y7vFnHpkU6ofVIZiU8=",
        "owner": "NixOS",
        "repo": "nixpkgs",
        "rev": "559449530f16302862fc65265c1b21411c341734",
        "type": "github"
      },
      "original": {
        "id": "nixpkgs",
        "type": "indirect"
      }
    },
    "root": {
      "inputs": {
        "nixpkgs": "nixpkgs",
        "utils": "utils"
      }
    },
    "utils": {
      "locked": {
        "lastModified": 1631561581,
        "narHash": "sha256-3VQMV5zvxaVLvqqUrNz3iJelLw30mIVSfZmAaauM3dA=",
        "owner": "numtide",
        "repo": "flake-utils",
        "rev": "7e5bf3925f6fbdfaf50a2a7ca0be2879c4261d19",
        "type": "github"
      },
      "original": {
        "owner": "numtide",
        "repo": "flake-utils",
        "type": "github"
      }
    }
  },
  "root": "root",
  "version": 7
}
